github.com/nikolaydubina/fpdecimal v0.11.0 h1:P7ZOaqL/r8EeOsVrAPk15FiJJ3VtwxF7F3zmEW5vhw4=
github.com/nikolaydubina/fpdecimal v0.11.0/go.mod h1:YP4skPNB+vsjTN4PDxbTl9iZTl1VNbv6R6pIjxu7F6E=
golang.org/x/exp v0.0.0-20221012211006-4de253d81b95 h1:sBdrWpxhGDdTAYNqbgBLAR+ULAPPhfgncLr1X0lyWtg=
golang.org/x/exp v0.0.0-20221012211006-4de253d81b95/go.mod h1:cyybsKvd6eL0RnXn6p/Grxp8F5bW7iYuBgsNCOHpMYE=
