github.com/nikolaydubina/fpdecimal v0.19.3 h1:N02pjbRdmAH+5S61pKeCmEWNiSjt6vn2Uglnltpag8o=
github.com/nikolaydubina/fpdecimal v0.19.3/go.mod h1:FtuJCNRO3SumT8lfJNp5IZ8kcnPzx7blxiUe3VcTTsY=
github.com/nikolaydubina/fpdecimal v0.20.2 h1:geV6ODnGCy4CoiaWHmqjwD94PboF24rSOnp6uisPAfg=
github.com/nikolaydubina/fpdecimal v0.20.2/go.mod h1:FtuJCNRO3SumT8lfJNp5IZ8kcnPzx7blxiUe3VcTTsY=
